
Microsoft Visual Studio Solution File, Format Version 12.00
# Visual Studio Version 17
VisualStudioVersion = 17.10.35122.118
MinimumVisualStudioVersion = 10.0.40219.1
Project("{FAE04EC0-301F-11D3-BF4B-00C04F79EFBC}") = "DevFreela.API", "DevFreela.API\DevFreela.API.csproj", "{67BB2473-D6EE-4620-8D61-7D2A3BE7D93B}"
EndProject
Global
	GlobalSection(SolutionConfigurationPlatforms) = preSolution
		Debug|Any CPU = Debug|Any CPU
		Release|Any CPU = Release|Any CPU
	EndGlobalSection
	GlobalSection(ProjectConfigurationPlatforms) = postSolution
		{67BB2473-D6EE-4620-8D61-7D2A3BE7D93B}.Debug|Any CPU.ActiveCfg = Debug|Any CPU
		{67BB2473-D6EE-4620-8D61-7D2A3BE7D93B}.Debug|Any CPU.Build.0 = Debug|Any CPU
		{67BB2473-D6EE-4620-8D61-7D2A3BE7D93B}.Release|Any CPU.ActiveCfg = Release|Any CPU
		{67BB2473-D6EE-4620-8D61-7D2A3BE7D93B}.Release|Any CPU.Build.0 = Release|Any CPU
	EndGlobalSection
	GlobalSection(SolutionProperties) = preSolution
		HideSolutionNode = FALSE
	EndGlobalSection
	GlobalSection(ExtensibilityGlobals) = postSolution
		SolutionGuid = {C907ADD0-53EF-4F29-8221-8C83E72B9B0E}
	EndGlobalSection
EndGlobal
